
Microsoft Visual Studio Solution File, Format Version 12.00
# Visual Studio Version 17
VisualStudioVersion = 17.7.34018.315
MinimumVisualStudioVersion = 10.0.40219.1
Project("{9A19103F-16F7-4668-BE54-9A1E7A4F7556}") = "BJM.ProgDec.BL.Models", "BJM.ProgDec.BL.Models\BJM.ProgDec.BL.Models.csproj", "{92CBBAE2-95BF-4444-810E-8F54F3252CA3}"
EndProject
Project("{00D1A9C2-B5F0-4AF3-8072-F6C62B433612}") = "BJM.ProgDec.DB", "BJM.ProgDec.DB\BJM.ProgDec.DB.sqlproj", "{D02E6BF1-F2A2-4CBF-B69B-066DD2B3E903}"
EndProject
Project("{9A19103F-16F7-4668-BE54-9A1E7A4F7556}") = "BJM.ProgDec.PL", "BJM.ProgDec.PL\BJM.ProgDec.PL.csproj", "{8E315D18-4257-425B-BA1A-51CB5F79F8CB}"
EndProject
Project("{2150E333-8FDC-42A3-9474-1A3956D46DE8}") = "Solution Items", "Solution Items", "{DB92EC72-4A55-411F-87A5-A82EF6DAE581}"
	ProjectSection(SolutionItems) = preProject
		TextFile1.txt = TextFile1.txt
	EndProjectSection
EndProject
Project("{9A19103F-16F7-4668-BE54-9A1E7A4F7556}") = "BJM.ProgDec.PL.Test", "BJM.ProgDec.PL.Test\BJM.ProgDec.PL.Test.csproj", "{CAD3B401-F066-4ADB-8A36-33485BAC1AB9}"
EndProject
Project("{FAE04EC0-301F-11D3-BF4B-00C04F79EFBC}") = "BJM.ProgDec.BL", "BJM.ProgDec.BL\BJM.ProgDec.BL.csproj", "{47958ADC-CF87-4F43-9EB5-68BD98CFB8E3}"
EndProject
Project("{FAE04EC0-301F-11D3-BF4B-00C04F79EFBC}") = "BJM.Progdec.BL.Test", "BJM.Progdec.BL.Test\BJM.Progdec.BL.Test.csproj", "{3C205910-1371-4E89-BD7C-C17BF33D9252}"
EndProject
Global
	GlobalSection(SolutionConfigurationPlatforms) = preSolution
		Debug|Any CPU = Debug|Any CPU
		Release|Any CPU = Release|Any CPU
	EndGlobalSection
	GlobalSection(ProjectConfigurationPlatforms) = postSolution
		{92CBBAE2-95BF-4444-810E-8F54F3252CA3}.Debug|Any CPU.ActiveCfg = Debug|Any CPU
		{92CBBAE2-95BF-4444-810E-8F54F3252CA3}.Debug|Any CPU.Build.0 = Debug|Any CPU
		{92CBBAE2-95BF-4444-810E-8F54F3252CA3}.Release|Any CPU.ActiveCfg = Release|Any CPU
		{92CBBAE2-95BF-4444-810E-8F54F3252CA3}.Release|Any CPU.Build.0 = Release|Any CPU
		{D02E6BF1-F2A2-4CBF-B69B-066DD2B3E903}.Debug|Any CPU.ActiveCfg = Debug|Any CPU
		{D02E6BF1-F2A2-4CBF-B69B-066DD2B3E903}.Debug|Any CPU.Build.0 = Debug|Any CPU
		{D02E6BF1-F2A2-4CBF-B69B-066DD2B3E903}.Debug|Any CPU.Deploy.0 = Debug|Any CPU
		{D02E6BF1-F2A2-4CBF-B69B-066DD2B3E903}.Release|Any CPU.ActiveCfg = Release|Any CPU
		{D02E6BF1-F2A2-4CBF-B69B-066DD2B3E903}.Release|Any CPU.Build.0 = Release|Any CPU
		{D02E6BF1-F2A2-4CBF-B69B-066DD2B3E903}.Release|Any CPU.Deploy.0 = Release|Any CPU
		{8E315D18-4257-425B-BA1A-51CB5F79F8CB}.Debug|Any CPU.ActiveCfg = Debug|Any CPU
		{8E315D18-4257-425B-BA1A-51CB5F79F8CB}.Debug|Any CPU.Build.0 = Debug|Any CPU
		{8E315D18-4257-425B-BA1A-51CB5F79F8CB}.Release|Any CPU.ActiveCfg = Release|Any CPU
		{8E315D18-4257-425B-BA1A-51CB5F79F8CB}.Release|Any CPU.Build.0 = Release|Any CPU
		{CAD3B401-F066-4ADB-8A36-33485BAC1AB9}.Debug|Any CPU.ActiveCfg = Debug|Any CPU
		{CAD3B401-F066-4ADB-8A36-33485BAC1AB9}.Debug|Any CPU.Build.0 = Debug|Any CPU
		{CAD3B401-F066-4ADB-8A36-33485BAC1AB9}.Release|Any CPU.ActiveCfg = Release|Any CPU
		{CAD3B401-F066-4ADB-8A36-33485BAC1AB9}.Release|Any CPU.Build.0 = Release|Any CPU
		{47958ADC-CF87-4F43-9EB5-68BD98CFB8E3}.Debug|Any CPU.ActiveCfg = Debug|Any CPU
		{47958ADC-CF87-4F43-9EB5-68BD98CFB8E3}.Debug|Any CPU.Build.0 = Debug|Any CPU
		{47958ADC-CF87-4F43-9EB5-68BD98CFB8E3}.Release|Any CPU.ActiveCfg = Release|Any CPU
		{47958ADC-CF87-4F43-9EB5-68BD98CFB8E3}.Release|Any CPU.Build.0 = Release|Any CPU
		{3C205910-1371-4E89-BD7C-C17BF33D9252}.Debug|Any CPU.ActiveCfg = Debug|Any CPU
		{3C205910-1371-4E89-BD7C-C17BF33D9252}.Debug|Any CPU.Build.0 = Debug|Any CPU
		{3C205910-1371-4E89-BD7C-C17BF33D9252}.Release|Any CPU.ActiveCfg = Release|Any CPU
		{3C205910-1371-4E89-BD7C-C17BF33D9252}.Release|Any CPU.Build.0 = Release|Any CPU
	EndGlobalSection
	GlobalSection(SolutionProperties) = preSolution
		HideSolutionNode = FALSE
	EndGlobalSection
	GlobalSection(ExtensibilityGlobals) = postSolution
		SolutionGuid = {5BF2CEC6-C31A-4906-AB40-B4D1F63C3059}
	EndGlobalSection
EndGlobal
